
Microsoft Visual Studio Solution File, Format Version 12.00
# Visual Studio Version 17
VisualStudioVersion = 17.0.31903.59
MinimumVisualStudioVersion = 10.0.40219.1
Project("{2150E333-8FDC-42A3-9474-1A3956D46DE8}") = "src", "src", "{827E0CD3-B72D-47B6-A68D-7590B98EB39B}"
EndProject
Project("{FAE04EC0-301F-11D3-BF4B-00C04F79EFBC}") = "PlannerWidget.Core", "src\PlannerWidget.Core\PlannerWidget.Core.csproj", "{DE30FDC9-0CD3-4F68-B673-6CFC65A74ADC}"
EndProject
Project("{FAE04EC0-301F-11D3-BF4B-00C04F79EFBC}") = "PlannerWidget.App", "src\PlannerWidget.App\PlannerWidget.App.csproj", "{D4B93429-CE6D-4580-AFED-442EBE8BFF53}"
EndProject
Project("{2150E333-8FDC-42A3-9474-1A3956D46DE8}") = "tests", "tests", "{0AB3BF05-4346-4AA6-1389-037BE0695223}"
EndProject
Project("{FAE04EC0-301F-11D3-BF4B-00C04F79EFBC}") = "PlannerWidget.Core.Tests", "tests\PlannerWidget.Core.Tests\PlannerWidget.Core.Tests.csproj", "{4D613842-E43F-45A5-A670-E396322EBB79}"
EndProject
Global
	GlobalSection(SolutionConfigurationPlatforms) = preSolution
		Debug|Any CPU = Debug|Any CPU
		Debug|x64 = Debug|x64
		Debug|x86 = Debug|x86
		Release|Any CPU = Release|Any CPU
		Release|x64 = Release|x64
		Release|x86 = Release|x86
	EndGlobalSection
	GlobalSection(ProjectConfigurationPlatforms) = postSolution
		{DE30FDC9-0CD3-4F68-B673-6CFC65A74ADC}.Debug|Any CPU.ActiveCfg = Debug|Any CPU
		{DE30FDC9-0CD3-4F68-B673-6CFC65A74ADC}.Debug|Any CPU.Build.0 = Debug|Any CPU
		{DE30FDC9-0CD3-4F68-B673-6CFC65A74ADC}.Debug|x64.ActiveCfg = Debug|Any CPU
		{DE30FDC9-0CD3-4F68-B673-6CFC65A74ADC}.Debug|x64.Build.0 = Debug|Any CPU
		{DE30FDC9-0CD3-4F68-B673-6CFC65A74ADC}.Debug|x86.ActiveCfg = Debug|Any CPU
		{DE30FDC9-0CD3-4F68-B673-6CFC65A74ADC}.Debug|x86.Build.0 = Debug|Any CPU
		{DE30FDC9-0CD3-4F68-B673-6CFC65A74ADC}.Release|Any CPU.ActiveCfg = Release|Any CPU
		{DE30FDC9-0CD3-4F68-B673-6CFC65A74ADC}.Release|Any CPU.Build.0 = Release|Any CPU
		{DE30FDC9-0CD3-4F68-B673-6CFC65A74ADC}.Release|x64.ActiveCfg = Release|Any CPU
		{DE30FDC9-0CD3-4F68-B673-6CFC65A74ADC}.Release|x64.Build.0 = Release|Any CPU
		{DE30FDC9-0CD3-4F68-B673-6CFC65A74ADC}.Release|x86.ActiveCfg = Release|Any CPU
		{DE30FDC9-0CD3-4F68-B673-6CFC65A74ADC}.Release|x86.Build.0 = Release|Any CPU
		{D4B93429-CE6D-4580-AFED-442EBE8BFF53}.Debug|Any CPU.ActiveCfg = Debug|x64
		{D4B93429-CE6D-4580-AFED-442EBE8BFF53}.Debug|Any CPU.Build.0 = Debug|x64
		{D4B93429-CE6D-4580-AFED-442EBE8BFF53}.Debug|x64.ActiveCfg = Debug|x64
		{D4B93429-CE6D-4580-AFED-442EBE8BFF53}.Debug|x64.Build.0 = Debug|x64
		{D4B93429-CE6D-4580-AFED-442EBE8BFF53}.Debug|x86.ActiveCfg = Debug|x64
		{D4B93429-CE6D-4580-AFED-442EBE8BFF53}.Debug|x86.Build.0 = Debug|x64
		{D4B93429-CE6D-4580-AFED-442EBE8BFF53}.Release|Any CPU.ActiveCfg = Release|x64
		{D4B93429-CE6D-4580-AFED-442EBE8BFF53}.Release|Any CPU.Build.0 = Release|x64
		{D4B93429-CE6D-4580-AFED-442EBE8BFF53}.Release|x64.ActiveCfg = Release|x64
		{D4B93429-CE6D-4580-AFED-442EBE8BFF53}.Release|x64.Build.0 = Release|x64
		{D4B93429-CE6D-4580-AFED-442EBE8BFF53}.Release|x86.ActiveCfg = Release|x64
		{D4B93429-CE6D-4580-AFED-442EBE8BFF53}.Release|x86.Build.0 = Release|x64
		{4D613842-E43F-45A5-A670-E396322EBB79}.Debug|Any CPU.ActiveCfg = Debug|Any CPU
		{4D613842-E43F-45A5-A670-E396322EBB79}.Debug|Any CPU.Build.0 = Debug|Any CPU
		{4D613842-E43F-45A5-A670-E396322EBB79}.Debug|x64.ActiveCfg = Debug|Any CPU
		{4D613842-E43F-45A5-A670-E396322EBB79}.Debug|x64.Build.0 = Debug|Any CPU
		{4D613842-E43F-45A5-A670-E396322EBB79}.Debug|x86.ActiveCfg = Debug|Any CPU
		{4D613842-E43F-45A5-A670-E396322EBB79}.Debug|x86.Build.0 = Debug|Any CPU
		{4D613842-E43F-45A5-A670-E396322EBB79}.Release|Any CPU.ActiveCfg = Release|Any CPU
		{4D613842-E43F-45A5-A670-E396322EBB79}.Release|Any CPU.Build.0 = Release|Any CPU
		{4D613842-E43F-45A5-A670-E396322EBB79}.Release|x64.ActiveCfg = Release|Any CPU
		{4D613842-E43F-45A5-A670-E396322EBB79}.Release|x64.Build.0 = Release|Any CPU
		{4D613842-E43F-45A5-A670-E396322EBB79}.Release|x86.ActiveCfg = Release|Any CPU
		{4D613842-E43F-45A5-A670-E396322EBB79}.Release|x86.Build.0 = Release|Any CPU
	EndGlobalSection
	GlobalSection(SolutionProperties) = preSolution
		HideSolutionNode = FALSE
	EndGlobalSection
	GlobalSection(NestedProjects) = preSolution
		{DE30FDC9-0CD3-4F68-B673-6CFC65A74ADC} = {827E0CD3-B72D-47B6-A68D-7590B98EB39B}
		{D4B93429-CE6D-4580-AFED-442EBE8BFF53} = {827E0CD3-B72D-47B6-A68D-7590B98EB39B}
		{4D613842-E43F-45A5-A670-E396322EBB79} = {0AB3BF05-4346-4AA6-1389-037BE0695223}
	EndGlobalSection
EndGlobal
